<?xml version="1.0" encoding="utf-8"?>
<Project ToolsVersion="4.0" xmlns="http://schemas.microsoft.com/developer/msbuild/2003">
  <ItemGroup>
    <Filter Include="Source Files">
      <UniqueIdentifier>{4FC737F1-C7A5-4376-A066-2A32D752A2FF}</UniqueIdentifier>
      <Extensions>cpp;c;cc;cxx;def;odl;idl;hpj;bat;asm;asmx</Extensions>
    </Filter>
    <Filter Include="Header Files">
      <UniqueIdentifier>{93995380-89BD-4b04-88EB-625FBE52EBFB}</UniqueIdentifier>
      <Extensions>h;hh;hpp;hxx;hm;inl;inc;xsd</Extensions>
    </Filter>
    <Filter Include="Resource Files">
      <UniqueIdentifier>{67DA6AB6-F800-4c08-8B7A-83BB121AAD01}</UniqueIdentifier>
      <Extensions>rc;ico;cur;bmp;dlg;rc2;rct;bin;rgs;gif;jpg;jpeg;jpe;resx;tiff;tif;png;wav;mfcribbon-ms</Extensions>
    </Filter>
  </ItemGroup>
  <ItemGroup>
    <ClInclude Include="AverageCosineData.h">
      <Filter>Header Files</Filter>
    </ClInclude>
    <ClInclude Include="Controller.h">
      <Filter>Header Files</Filter>
    </ClInclude>
    <ClInclude Include="DirichletBC1D.h">
      <Filter>Header Files</Filter>
    </ClInclude>
    <ClInclude Include="Dof.h">
      <Filter>Header Files</Filter>
    </ClInclude>
    <ClInclude Include="Element.h">
      <Filter>Header Files</Filter>
    </ClInclude>
    <ClInclude Include="Element1D.h">
      <Filter>Header Files</Filter>
    </ClInclude>
    <ClInclude Include="ElementTally.h">
      <Filter>Header Files</Filter>
    </ClInclude>
    <ClInclude Include="FaceTally.h">
      <Filter>Header Files</Filter>
    </ClInclude>
    <ClInclude Include="GlobalConstants.h">
      <Filter>Header Files</Filter>
    </ClInclude>
    <ClInclude Include="HoSolver.h">
      <Filter>Header Files</Filter>
    </ClInclude>
    <ClInclude Include="LoData1D.h">
      <Filter>Header Files</Filter>
    </ClInclude>
    <ClInclude Include="LoSolver.h">
      <Filter>Header Files</Filter>
    </ClInclude>
    <ClInclude Include="LoSolver1D.h">
      <Filter>Header Files</Filter>
    </ClInclude>
    <ClInclude Include="Material.h">
      <Filter>Header Files</Filter>
    </ClInclude>
    <ClInclude Include="MaterialConstant.h">
      <Filter>Header Files</Filter>
    </ClInclude>
    <ClInclude Include="Mesh.h">
      <Filter>Header Files</Filter>
    </ClInclude>
    <ClInclude Include="Node.h">
      <Filter>Header Files</Filter>
    </ClInclude>
    <ClInclude Include="Node1D.h">
      <Filter>Header Files</Filter>
    </ClInclude>
    <ClInclude Include="numMatrix.h">
      <Filter>Header Files</Filter>
    </ClInclude>
    <ClInclude Include="numMatrixFull.h">
      <Filter>Header Files</Filter>
    </ClInclude>
    <ClInclude Include="numVector.h">
      <Filter>Header Files</Filter>
    </ClInclude>
    <ClInclude Include="oneDMesh.h">
      <Filter>Header Files</Filter>
    </ClInclude>
    <ClInclude Include="Particle1D.h">
      <Filter>Header Files</Filter>
    </ClInclude>
    <ClInclude Include="RNG.h">
      <Filter>Header Files</Filter>
    </ClInclude>
    <ClInclude Include="Source.h">
      <Filter>Header Files</Filter>
    </ClInclude>
    <ClInclude Include="SourceConstant.h">
      <Filter>Header Files</Filter>
    </ClInclude>
    <ClInclude Include="Tally.h">
      <Filter>Header Files</Filter>
    </ClInclude>
  </ItemGroup>
  <ItemGroup>
    <ClCompile Include="Tally.cpp">
      <Filter>Source Files</Filter>
    </ClCompile>
    <ClCompile Include="SourceConstant.cpp">
      <Filter>Source Files</Filter>
    </ClCompile>
    <ClCompile Include="Source.cpp">
      <Filter>Source Files</Filter>
    </ClCompile>
    <ClCompile Include="RNG.cpp">
      <Filter>Source Files</Filter>
    </ClCompile>
    <ClCompile Include="Particle1D.cpp">
      <Filter>Source Files</Filter>
    </ClCompile>
    <ClCompile Include="numVector.cpp">
      <Filter>Source Files</Filter>
    </ClCompile>
    <ClCompile Include="numMatrixFull.cpp">
      <Filter>Source Files</Filter>
    </ClCompile>
    <ClCompile Include="numMatrix.cpp">
      <Filter>Source Files</Filter>
    </ClCompile>
    <ClCompile Include="Node1D.cpp">
      <Filter>Source Files</Filter>
    </ClCompile>
    <ClCompile Include="Node.cpp">
      <Filter>Source Files</Filter>
    </ClCompile>
    <ClCompile Include="Mesh.cpp">
      <Filter>Source Files</Filter>
    </ClCompile>
    <ClCompile Include="MaterialConstant.cpp">
      <Filter>Source Files</Filter>
    </ClCompile>
    <ClCompile Include="main.cpp">
      <Filter>Source Files</Filter>
    </ClCompile>
    <ClCompile Include="LoSolver1D.cpp">
      <Filter>Source Files</Filter>
    </ClCompile>
    <ClCompile Include="LoSolver.cpp">
      <Filter>Source Files</Filter>
    </ClCompile>
    <ClCompile Include="LoData1D.cpp">
      <Filter>Source Files</Filter>
    </ClCompile>
    <ClCompile Include="HoSolver.cpp">
      <Filter>Source Files</Filter>
    </ClCompile>
    <ClCompile Include="FaceTally.cpp">
      <Filter>Source Files</Filter>
    </ClCompile>
    <ClCompile Include="ElementTally.cpp">
      <Filter>Source Files</Filter>
    </ClCompile>
    <ClCompile Include="Element1D.cpp">
      <Filter>Source Files</Filter>
    </ClCompile>
    <ClCompile Include="Element.cpp">
      <Filter>Source Files</Filter>
    </ClCompile>
    <ClCompile Include="Dof.cpp">
      <Filter>Source Files</Filter>
    </ClCompile>
    <ClCompile Include="DirichletBC1D.cpp">
      <Filter>Source Files</Filter>
    </ClCompile>
  </ItemGroup>
</Project>